// !$*UTF8*$!
{
	archiveVersion = 1;
	classes = {
	};
	objectVersion = 56;
	objects = {

/* Begin PBXBuildFile section */
		5C263D8A2B29515F0063B665 /* FavoriteButton.swift in Sources */ = {isa = PBXBuildFile; fileRef = 5C263D892B29515F0063B665 /* FavoriteButton.swift */; };
		5C282CE52B31425D00D361EC /* ContentView.swift in Sources */ = {isa = PBXBuildFile; fileRef = 5C282CE42B31425D00D361EC /* ContentView.swift */; };
		5C282CE72B31425F00D361EC /* Assets.xcassets in Resources */ = {isa = PBXBuildFile; fileRef = 5C282CE62B31425F00D361EC /* Assets.xcassets */; };
		5C282CEA2B31425F00D361EC /* Preview Assets.xcassets in Resources */ = {isa = PBXBuildFile; fileRef = 5C282CE92B31425F00D361EC /* Preview Assets.xcassets */; };
		5C282CED2B31425F00D361EC /* LandmarksWatch Watch App.app in Embed Watch Content */ = {isa = PBXBuildFile; fileRef = 5C282CE02B31425D00D361EC /* LandmarksWatch Watch App.app */; settings = {ATTRIBUTES = (RemoveHeadersOnCopy, ); }; };
		5C282CF22B3142AD00D361EC /* Landmark.swift in Sources */ = {isa = PBXBuildFile; fileRef = 5C426E1A2B292C3200F99DB6 /* Landmark.swift */; };
		5C282CF32B3142AD00D361EC /* ModelData.swift in Sources */ = {isa = PBXBuildFile; fileRef = 5C426E1C2B292CD100F99DB6 /* ModelData.swift */; };
		5C282CF42B3142AD00D361EC /* Profile.swift in Sources */ = {isa = PBXBuildFile; fileRef = 7A5721392B2EA80D00A01B5C /* Profile.swift */; };
		5C282CF52B3142AD00D361EC /* landmarkData.json in Resources */ = {isa = PBXBuildFile; fileRef = 5C426E242B292F2100F99DB6 /* landmarkData.json */; };
		5C282CF62B3142AD00D361EC /* Assets.xcassets in Resources */ = {isa = PBXBuildFile; fileRef = 5C9D46FB2B2814AC005E084E /* Assets.xcassets */; };
		5C282CF72B3142AD00D361EC /* Hike.swift in Sources */ = {isa = PBXBuildFile; fileRef = 7A5721252B2E9DCD00A01B5C /* Hike.swift */; };
		5C282CF82B3142AD00D361EC /* LandmarkList.swift in Sources */ = {isa = PBXBuildFile; fileRef = 5C426E272B292FF100F99DB6 /* LandmarkList.swift */; };
		5C282CF92B3142AD00D361EC /* CircleImage.swift in Sources */ = {isa = PBXBuildFile; fileRef = 5C9D47052B28F62D005E084E /* CircleImage.swift */; };
		5C282CFA2B3142AD00D361EC /* hikeData.json in Resources */ = {isa = PBXBuildFile; fileRef = 7A5721232B2E9DB300A01B5C /* hikeData.json */; };
		5C282CFB2B3142AD00D361EC /* MapView.swift in Sources */ = {isa = PBXBuildFile; fileRef = 5C9D47072B28F6C7005E084E /* MapView.swift */; };
		5C282CFC2B3142AD00D361EC /* LandmarksApp.swift in Sources */ = {isa = PBXBuildFile; fileRef = 5C9D46F72B2814AB005E084E /* LandmarksApp.swift */; };
		5C282CFD2B3142AD00D361EC /* LandmarkRow.swift in Sources */ = {isa = PBXBuildFile; fileRef = 5C426E222B292DBF00F99DB6 /* LandmarkRow.swift */; };
		5C282CFF2B3142D500D361EC /* LandmarkDetail.swift in Sources */ = {isa = PBXBuildFile; fileRef = 5C282CFE2B3142D500D361EC /* LandmarkDetail.swift */; };
		5C282D012B31433900D361EC /* NotificationController.swift in Sources */ = {isa = PBXBuildFile; fileRef = 5C282D002B31433900D361EC /* NotificationController.swift */; };
		5C282D032B31435800D361EC /* NotificationView.swift in Sources */ = {isa = PBXBuildFile; fileRef = 5C282D022B31435800D361EC /* NotificationView.swift */; };
		5C426E1B2B292C3200F99DB6 /* Landmark.swift in Sources */ = {isa = PBXBuildFile; fileRef = 5C426E1A2B292C3200F99DB6 /* Landmark.swift */; };
		5C426E1D2B292CD100F99DB6 /* ModelData.swift in Sources */ = {isa = PBXBuildFile; fileRef = 5C426E1C2B292CD100F99DB6 /* ModelData.swift */; };
		5C426E232B292DBF00F99DB6 /* LandmarkRow.swift in Sources */ = {isa = PBXBuildFile; fileRef = 5C426E222B292DBF00F99DB6 /* LandmarkRow.swift */; };
		5C426E252B292F2100F99DB6 /* landmarkData.json in Resources */ = {isa = PBXBuildFile; fileRef = 5C426E242B292F2100F99DB6 /* landmarkData.json */; };
		5C426E282B292FF100F99DB6 /* LandmarkList.swift in Sources */ = {isa = PBXBuildFile; fileRef = 5C426E272B292FF100F99DB6 /* LandmarkList.swift */; };
		5C426E2A2B29307800F99DB6 /* LandmarkDetail.swift in Sources */ = {isa = PBXBuildFile; fileRef = 5C426E292B29307800F99DB6 /* LandmarkDetail.swift */; };
		5C69AC172B2FB7F700FA6E10 /* PageViewController.swift in Sources */ = {isa = PBXBuildFile; fileRef = 5C69AC162B2FB7F700FA6E10 /* PageViewController.swift */; };
		5C69AC1A2B2FB91600FA6E10 /* FeatureCard.swift in Sources */ = {isa = PBXBuildFile; fileRef = 5C69AC192B2FB91600FA6E10 /* FeatureCard.swift */; };
		5C69AC1C2B2FBA5100FA6E10 /* PageView.swift in Sources */ = {isa = PBXBuildFile; fileRef = 5C69AC1B2B2FBA5100FA6E10 /* PageView.swift */; };
		5C69AC1E2B2FBD5E00FA6E10 /* PageControl.swift in Sources */ = {isa = PBXBuildFile; fileRef = 5C69AC1D2B2FBD5E00FA6E10 /* PageControl.swift */; };
		5C9D46F82B2814AB005E084E /* LandmarksApp.swift in Sources */ = {isa = PBXBuildFile; fileRef = 5C9D46F72B2814AB005E084E /* LandmarksApp.swift */; };
		5C9D46FA2B2814AB005E084E /* ContentView.swift in Sources */ = {isa = PBXBuildFile; fileRef = 5C9D46F92B2814AB005E084E /* ContentView.swift */; };
		5C9D46FC2B2814AC005E084E /* Assets.xcassets in Resources */ = {isa = PBXBuildFile; fileRef = 5C9D46FB2B2814AC005E084E /* Assets.xcassets */; };
		5C9D46FF2B2814AC005E084E /* Preview Assets.xcassets in Resources */ = {isa = PBXBuildFile; fileRef = 5C9D46FE2B2814AC005E084E /* Preview Assets.xcassets */; };
		5C9D47062B28F62D005E084E /* CircleImage.swift in Sources */ = {isa = PBXBuildFile; fileRef = 5C9D47052B28F62D005E084E /* CircleImage.swift */; };
		5C9D47082B28F6C7005E084E /* MapView.swift in Sources */ = {isa = PBXBuildFile; fileRef = 5C9D47072B28F6C7005E084E /* MapView.swift */; };
		7A5721182B2E95B500A01B5C /* HexagonParameters.swift in Sources */ = {isa = PBXBuildFile; fileRef = 7A5721172B2E95B500A01B5C /* HexagonParameters.swift */; };
		7A57211A2B2E963A00A01B5C /* BadgeBackground.swift in Sources */ = {isa = PBXBuildFile; fileRef = 7A5721192B2E963A00A01B5C /* BadgeBackground.swift */; };
		7A57211C2B2E9B4700A01B5C /* BadgeSymbol.swift in Sources */ = {isa = PBXBuildFile; fileRef = 7A57211B2B2E9B4700A01B5C /* BadgeSymbol.swift */; };
		7A57211E2B2E9BA200A01B5C /* RotatedBadgeSymbol.swift in Sources */ = {isa = PBXBuildFile; fileRef = 7A57211D2B2E9BA200A01B5C /* RotatedBadgeSymbol.swift */; };
		7A5721202B2E9BE200A01B5C /* Badge.swift in Sources */ = {isa = PBXBuildFile; fileRef = 7A57211F2B2E9BE200A01B5C /* Badge.swift */; };
		7A5721242B2E9DB300A01B5C /* hikeData.json in Resources */ = {isa = PBXBuildFile; fileRef = 7A5721232B2E9DB300A01B5C /* hikeData.json */; };
		7A5721262B2E9DCD00A01B5C /* Hike.swift in Sources */ = {isa = PBXBuildFile; fileRef = 7A5721252B2E9DCD00A01B5C /* Hike.swift */; };
		7A57212E2B2E9E8A00A01B5C /* GraphCapsule.swift in Sources */ = {isa = PBXBuildFile; fileRef = 7A57212A2B2E9E8A00A01B5C /* GraphCapsule.swift */; };
		7A57212F2B2E9E8A00A01B5C /* HikeGraph.swift in Sources */ = {isa = PBXBuildFile; fileRef = 7A57212B2B2E9E8A00A01B5C /* HikeGraph.swift */; };
		7A5721302B2E9E8A00A01B5C /* HikeDetail.swift in Sources */ = {isa = PBXBuildFile; fileRef = 7A57212C2B2E9E8A00A01B5C /* HikeDetail.swift */; };
		7A5721312B2E9E8A00A01B5C /* HikeView.swift in Sources */ = {isa = PBXBuildFile; fileRef = 7A57212D2B2E9E8A00A01B5C /* HikeView.swift */; };
		7A5721332B2EA2C100A01B5C /* CategoryHome.swift in Sources */ = {isa = PBXBuildFile; fileRef = 7A5721322B2EA2C100A01B5C /* CategoryHome.swift */; };
		7A5721352B2EA39100A01B5C /* CategoryRow.swift in Sources */ = {isa = PBXBuildFile; fileRef = 7A5721342B2EA39100A01B5C /* CategoryRow.swift */; };
		7A5721372B2EA44600A01B5C /* CategoryItem.swift in Sources */ = {isa = PBXBuildFile; fileRef = 7A5721362B2EA44600A01B5C /* CategoryItem.swift */; };
		7A57213A2B2EA80D00A01B5C /* Profile.swift in Sources */ = {isa = PBXBuildFile; fileRef = 7A5721392B2EA80D00A01B5C /* Profile.swift */; };
		7A57213D2B2EA88500A01B5C /* ProfileHost.swift in Sources */ = {isa = PBXBuildFile; fileRef = 7A57213C2B2EA88500A01B5C /* ProfileHost.swift */; };
		7A57213F2B2EA8AF00A01B5C /* ProfileSummary.swift in Sources */ = {isa = PBXBuildFile; fileRef = 7A57213E2B2EA8AF00A01B5C /* ProfileSummary.swift */; };
		7A5721412B2EA97E00A01B5C /* HikeBadge.swift in Sources */ = {isa = PBXBuildFile; fileRef = 7A5721402B2EA97E00A01B5C /* HikeBadge.swift */; };
		7A5721432B2EAC3C00A01B5C /* ProfileEditor.swift in Sources */ = {isa = PBXBuildFile; fileRef = 7A5721422B2EAC3C00A01B5C /* ProfileEditor.swift */; };
/* End PBXBuildFile section */

/* Begin PBXContainerItemProxy section */
		5C282CEB2B31425F00D361EC /* PBXContainerItemProxy */ = {
			isa = PBXContainerItemProxy;
			containerPortal = 5C9D46EC2B2814AB005E084E /* Project object */;
			proxyType = 1;
			remoteGlobalIDString = 5C282CDF2B31425D00D361EC;
			remoteInfo = "LandmarksWatch Watch App";
		};
/* End PBXContainerItemProxy section */

/* Begin PBXCopyFilesBuildPhase section */
		5C282CEE2B31425F00D361EC /* Embed Watch Content */ = {
			isa = PBXCopyFilesBuildPhase;
			buildActionMask = 2147483647;
			dstPath = "$(CONTENTS_FOLDER_PATH)/Watch";
			dstSubfolderSpec = 16;
			files = (
				5C282CED2B31425F00D361EC /* LandmarksWatch Watch App.app in Embed Watch Content */,
			);
			name = "Embed Watch Content";
			runOnlyForDeploymentPostprocessing = 0;
		};
/* End PBXCopyFilesBuildPhase section */

/* Begin PBXFileReference section */
		5C263D892B29515F0063B665 /* FavoriteButton.swift */ = {isa = PBXFileReference; lastKnownFileType = sourcecode.swift; path = FavoriteButton.swift; sourceTree = "<group>"; };
		5C282CE02B31425D00D361EC /* LandmarksWatch Watch App.app */ = {isa = PBXFileReference; explicitFileType = wrapper.application; includeInIndex = 0; path = "LandmarksWatch Watch App.app"; sourceTree = BUILT_PRODUCTS_DIR; };
		5C282CE42B31425D00D361EC /* ContentView.swift */ = {isa = PBXFileReference; lastKnownFileType = sourcecode.swift; path = ContentView.swift; sourceTree = "<group>"; };
		5C282CE62B31425F00D361EC /* Assets.xcassets */ = {isa = PBXFileReference; lastKnownFileType = folder.assetcatalog; path = Assets.xcassets; sourceTree = "<group>"; };
		5C282CE92B31425F00D361EC /* Preview Assets.xcassets */ = {isa = PBXFileReference; lastKnownFileType = folder.assetcatalog; path = "Preview Assets.xcassets"; sourceTree = "<group>"; };
		5C282CFE2B3142D500D361EC /* LandmarkDetail.swift */ = {isa = PBXFileReference; lastKnownFileType = sourcecode.swift; path = LandmarkDetail.swift; sourceTree = "<group>"; };
		5C282D002B31433900D361EC /* NotificationController.swift */ = {isa = PBXFileReference; lastKnownFileType = sourcecode.swift; path = NotificationController.swift; sourceTree = "<group>"; };
		5C282D022B31435800D361EC /* NotificationView.swift */ = {isa = PBXFileReference; lastKnownFileType = sourcecode.swift; path = NotificationView.swift; sourceTree = "<group>"; };
		5C282D042B3143CB00D361EC /* PushNotificationPayload.apns */ = {isa = PBXFileReference; lastKnownFileType = text; path = PushNotificationPayload.apns; sourceTree = "<group>"; };
		5C426E1A2B292C3200F99DB6 /* Landmark.swift */ = {isa = PBXFileReference; lastKnownFileType = sourcecode.swift; path = Landmark.swift; sourceTree = "<group>"; };
		5C426E1C2B292CD100F99DB6 /* ModelData.swift */ = {isa = PBXFileReference; lastKnownFileType = sourcecode.swift; path = ModelData.swift; sourceTree = "<group>"; };
		5C426E222B292DBF00F99DB6 /* LandmarkRow.swift */ = {isa = PBXFileReference; lastKnownFileType = sourcecode.swift; path = LandmarkRow.swift; sourceTree = "<group>"; };
		5C426E242B292F2100F99DB6 /* landmarkData.json */ = {isa = PBXFileReference; fileEncoding = 4; lastKnownFileType = text.json; path = landmarkData.json; sourceTree = "<group>"; };
		5C426E272B292FF100F99DB6 /* LandmarkList.swift */ = {isa = PBXFileReference; lastKnownFileType = sourcecode.swift; path = LandmarkList.swift; sourceTree = "<group>"; };
		5C426E292B29307800F99DB6 /* LandmarkDetail.swift */ = {isa = PBXFileReference; lastKnownFileType = sourcecode.swift; path = LandmarkDetail.swift; sourceTree = "<group>"; };
		5C69AC162B2FB7F700FA6E10 /* PageViewController.swift */ = {isa = PBXFileReference; lastKnownFileType = sourcecode.swift; path = PageViewController.swift; sourceTree = "<group>"; };
		5C69AC192B2FB91600FA6E10 /* FeatureCard.swift */ = {isa = PBXFileReference; lastKnownFileType = sourcecode.swift; path = FeatureCard.swift; sourceTree = "<group>"; };
		5C69AC1B2B2FBA5100FA6E10 /* PageView.swift */ = {isa = PBXFileReference; lastKnownFileType = sourcecode.swift; path = PageView.swift; sourceTree = "<group>"; };
		5C69AC1D2B2FBD5E00FA6E10 /* PageControl.swift */ = {isa = PBXFileReference; lastKnownFileType = sourcecode.swift; path = PageControl.swift; sourceTree = "<group>"; };
		5C9D46F42B2814AB005E084E /* Landmarks.app */ = {isa = PBXFileReference; explicitFileType = wrapper.application; includeInIndex = 0; path = Landmarks.app; sourceTree = BUILT_PRODUCTS_DIR; };
		5C9D46F72B2814AB005E084E /* LandmarksApp.swift */ = {isa = PBXFileReference; lastKnownFileType = sourcecode.swift; path = LandmarksApp.swift; sourceTree = "<group>"; };
		5C9D46F92B2814AB005E084E /* ContentView.swift */ = {isa = PBXFileReference; lastKnownFileType = sourcecode.swift; path = ContentView.swift; sourceTree = "<group>"; };
		5C9D46FB2B2814AC005E084E /* Assets.xcassets */ = {isa = PBXFileReference; lastKnownFileType = folder.assetcatalog; path = Assets.xcassets; sourceTree = "<group>"; };
		5C9D46FE2B2814AC005E084E /* Preview Assets.xcassets */ = {isa = PBXFileReference; lastKnownFileType = folder.assetcatalog; path = "Preview Assets.xcassets"; sourceTree = "<group>"; };
		5C9D47052B28F62D005E084E /* CircleImage.swift */ = {isa = PBXFileReference; lastKnownFileType = sourcecode.swift; path = CircleImage.swift; sourceTree = "<group>"; };
		5C9D47072B28F6C7005E084E /* MapView.swift */ = {isa = PBXFileReference; lastKnownFileType = sourcecode.swift; path = MapView.swift; sourceTree = "<group>"; };
		7A5721172B2E95B500A01B5C /* HexagonParameters.swift */ = {isa = PBXFileReference; lastKnownFileType = sourcecode.swift; path = HexagonParameters.swift; sourceTree = "<group>"; };
		7A5721192B2E963A00A01B5C /* BadgeBackground.swift */ = {isa = PBXFileReference; lastKnownFileType = sourcecode.swift; path = BadgeBackground.swift; sourceTree = "<group>"; };
		7A57211B2B2E9B4700A01B5C /* BadgeSymbol.swift */ = {isa = PBXFileReference; lastKnownFileType = sourcecode.swift; path = BadgeSymbol.swift; sourceTree = "<group>"; };
		7A57211D2B2E9BA200A01B5C /* RotatedBadgeSymbol.swift */ = {isa = PBXFileReference; lastKnownFileType = sourcecode.swift; path = RotatedBadgeSymbol.swift; sourceTree = "<group>"; };
		7A57211F2B2E9BE200A01B5C /* Badge.swift */ = {isa = PBXFileReference; lastKnownFileType = sourcecode.swift; path = Badge.swift; sourceTree = "<group>"; };
		7A5721232B2E9DB300A01B5C /* hikeData.json */ = {isa = PBXFileReference; fileEncoding = 4; lastKnownFileType = text.json; path = hikeData.json; sourceTree = "<group>"; };
		7A5721252B2E9DCD00A01B5C /* Hike.swift */ = {isa = PBXFileReference; lastKnownFileType = sourcecode.swift; path = Hike.swift; sourceTree = "<group>"; };
		7A57212A2B2E9E8A00A01B5C /* GraphCapsule.swift */ = {isa = PBXFileReference; fileEncoding = 4; lastKnownFileType = sourcecode.swift; path = GraphCapsule.swift; sourceTree = "<group>"; };
		7A57212B2B2E9E8A00A01B5C /* HikeGraph.swift */ = {isa = PBXFileReference; fileEncoding = 4; lastKnownFileType = sourcecode.swift; path = HikeGraph.swift; sourceTree = "<group>"; };
		7A57212C2B2E9E8A00A01B5C /* HikeDetail.swift */ = {isa = PBXFileReference; fileEncoding = 4; lastKnownFileType = sourcecode.swift; path = HikeDetail.swift; sourceTree = "<group>"; };
		7A57212D2B2E9E8A00A01B5C /* HikeView.swift */ = {isa = PBXFileReference; fileEncoding = 4; lastKnownFileType = sourcecode.swift; path = HikeView.swift; sourceTree = "<group>"; };
		7A5721322B2EA2C100A01B5C /* CategoryHome.swift */ = {isa = PBXFileReference; lastKnownFileType = sourcecode.swift; path = CategoryHome.swift; sourceTree = "<group>"; };
		7A5721342B2EA39100A01B5C /* CategoryRow.swift */ = {isa = PBXFileReference; lastKnownFileType = sourcecode.swift; path = CategoryRow.swift; sourceTree = "<group>"; };
		7A5721362B2EA44600A01B5C /* CategoryItem.swift */ = {isa = PBXFileReference; lastKnownFileType = sourcecode.swift; path = CategoryItem.swift; sourceTree = "<group>"; };
		7A5721392B2EA80D00A01B5C /* Profile.swift */ = {isa = PBXFileReference; lastKnownFileType = sourcecode.swift; path = Profile.swift; sourceTree = "<group>"; };
		7A57213C2B2EA88500A01B5C /* ProfileHost.swift */ = {isa = PBXFileReference; lastKnownFileType = sourcecode.swift; path = ProfileHost.swift; sourceTree = "<group>"; };
		7A57213E2B2EA8AF00A01B5C /* ProfileSummary.swift */ = {isa = PBXFileReference; lastKnownFileType = sourcecode.swift; path = ProfileSummary.swift; sourceTree = "<group>"; };
		7A5721402B2EA97E00A01B5C /* HikeBadge.swift */ = {isa = PBXFileReference; lastKnownFileType = sourcecode.swift; path = HikeBadge.swift; sourceTree = "<group>"; };
		7A5721422B2EAC3C00A01B5C /* ProfileEditor.swift */ = {isa = PBXFileReference; lastKnownFileType = sourcecode.swift; path = ProfileEditor.swift; sourceTree = "<group>"; };
/* End PBXFileReference section */

/* Begin PBXFrameworksBuildPhase section */
		5C282CDD2B31425D00D361EC /* Frameworks */ = {
			isa = PBXFrameworksBuildPhase;
			buildActionMask = 2147483647;
			files = (
			);
			runOnlyForDeploymentPostprocessing = 0;
		};
		5C9D46F12B2814AB005E084E /* Frameworks */ = {
			isa = PBXFrameworksBuildPhase;
			buildActionMask = 2147483647;
			files = (
			);
			runOnlyForDeploymentPostprocessing = 0;
		};
/* End PBXFrameworksBuildPhase section */

/* Begin PBXGroup section */
		5C263D8B2B2951FF0063B665 /* Landmarks */ = {
			isa = PBXGroup;
			children = (
				5C426E222B292DBF00F99DB6 /* LandmarkRow.swift */,
				5C426E272B292FF100F99DB6 /* LandmarkList.swift */,
				5C426E292B29307800F99DB6 /* LandmarkDetail.swift */,
			);
			path = Landmarks;
			sourceTree = "<group>";
		};
		5C263D8C2B29520F0063B665 /* Helper */ = {
			isa = PBXGroup;
			children = (
				5C9D47052B28F62D005E084E /* CircleImage.swift */,
				5C9D47072B28F6C7005E084E /* MapView.swift */,
				5C263D892B29515F0063B665 /* FavoriteButton.swift */,
			);
			path = Helper;
			sourceTree = "<group>";
		};
		5C282CE12B31425D00D361EC /* LandmarksWatch Watch App */ = {
			isa = PBXGroup;
			children = (
				5C282CE42B31425D00D361EC /* ContentView.swift */,
				5C282CFE2B3142D500D361EC /* LandmarkDetail.swift */,
				5C282D022B31435800D361EC /* NotificationView.swift */,
				5C282D002B31433900D361EC /* NotificationController.swift */,
				5C282CE62B31425F00D361EC /* Assets.xcassets */,
				5C282CE82B31425F00D361EC /* Preview Content */,
				5C282D042B3143CB00D361EC /* PushNotificationPayload.apns */,
			);
			path = "LandmarksWatch Watch App";
			sourceTree = "<group>";
		};
		5C282CE82B31425F00D361EC /* Preview Content */ = {
			isa = PBXGroup;
			children = (
				5C282CE92B31425F00D361EC /* Preview Assets.xcassets */,
			);
			path = "Preview Content";
			sourceTree = "<group>";
		};
		5C426E1E2B292D0900F99DB6 /* Views */ = {
			isa = PBXGroup;
			children = (
				5C9D46F92B2814AB005E084E /* ContentView.swift */,
				7A57213B2B2EA86E00A01B5C /* Profiles */,
				7A5721382B2EA7CE00A01B5C /* Categories */,
				5C263D8B2B2951FF0063B665 /* Landmarks */,
				7A5721222B2E9C6600A01B5C /* Badges */,
				7A5721292B2E9E8A00A01B5C /* Hikes */,
				5C263D8C2B29520F0063B665 /* Helper */,
				5C69AC182B2FB7FB00FA6E10 /* PageView */,
			);
			path = Views;
			sourceTree = "<group>";
		};
		5C426E1F2B292D2B00F99DB6 /* Model */ = {
			isa = PBXGroup;
			children = (
				5C426E1C2B292CD100F99DB6 /* ModelData.swift */,
				5C426E1A2B292C3200F99DB6 /* Landmark.swift */,
				7A5721252B2E9DCD00A01B5C /* Hike.swift */,
				7A5721392B2EA80D00A01B5C /* Profile.swift */,
			);
			path = Model;
			sourceTree = "<group>";
		};
		5C426E262B292F3000F99DB6 /* Resources */ = {
			isa = PBXGroup;
			children = (
				5C426E242B292F2100F99DB6 /* landmarkData.json */,
				7A5721232B2E9DB300A01B5C /* hikeData.json */,
			);
			path = Resources;
			sourceTree = "<group>";
		};
		5C69AC182B2FB7FB00FA6E10 /* PageView */ = {
			isa = PBXGroup;
			children = (
				5C69AC192B2FB91600FA6E10 /* FeatureCard.swift */,
				5C69AC162B2FB7F700FA6E10 /* PageViewController.swift */,
				5C69AC1B2B2FBA5100FA6E10 /* PageView.swift */,
				5C69AC1D2B2FBD5E00FA6E10 /* PageControl.swift */,
			);
			path = PageView;
			sourceTree = "<group>";
		};
		5C9D46EB2B2814AB005E084E = {
			isa = PBXGroup;
			children = (
				5C9D46F62B2814AB005E084E /* Landmarks */,
				5C282CE12B31425D00D361EC /* LandmarksWatch Watch App */,
				5C9D46F52B2814AB005E084E /* Products */,
			);
			sourceTree = "<group>";
		};
		5C9D46F52B2814AB005E084E /* Products */ = {
			isa = PBXGroup;
			children = (
				5C9D46F42B2814AB005E084E /* Landmarks.app */,
				5C282CE02B31425D00D361EC /* LandmarksWatch Watch App.app */,
			);
			name = Products;
			sourceTree = "<group>";
		};
		5C9D46F62B2814AB005E084E /* Landmarks */ = {
			isa = PBXGroup;
			children = (
				5C9D46F72B2814AB005E084E /* LandmarksApp.swift */,
				5C426E1E2B292D0900F99DB6 /* Views */,
				5C426E1F2B292D2B00F99DB6 /* Model */,
				5C426E262B292F3000F99DB6 /* Resources */,
				5C9D46FB2B2814AC005E084E /* Assets.xcassets */,
				5C9D46FD2B2814AC005E084E /* Preview Content */,
			);
			path = Landmarks;
			sourceTree = "<group>";
		};
		5C9D46FD2B2814AC005E084E /* Preview Content */ = {
			isa = PBXGroup;
			children = (
				5C9D46FE2B2814AC005E084E /* Preview Assets.xcassets */,
			);
			path = "Preview Content";
			sourceTree = "<group>";
		};
		7A5721222B2E9C6600A01B5C /* Badges */ = {
			isa = PBXGroup;
			children = (
				7A5721172B2E95B500A01B5C /* HexagonParameters.swift */,
				7A5721192B2E963A00A01B5C /* BadgeBackground.swift */,
				7A57211B2B2E9B4700A01B5C /* BadgeSymbol.swift */,
				7A57211D2B2E9BA200A01B5C /* RotatedBadgeSymbol.swift */,
				7A57211F2B2E9BE200A01B5C /* Badge.swift */,
			);
			path = Badges;
			sourceTree = "<group>";
		};
		7A5721292B2E9E8A00A01B5C /* Hikes */ = {
			isa = PBXGroup;
			children = (
				7A57212A2B2E9E8A00A01B5C /* GraphCapsule.swift */,
				7A57212B2B2E9E8A00A01B5C /* HikeGraph.swift */,
				7A57212C2B2E9E8A00A01B5C /* HikeDetail.swift */,
				7A57212D2B2E9E8A00A01B5C /* HikeView.swift */,
				7A5721402B2EA97E00A01B5C /* HikeBadge.swift */,
			);
			path = Hikes;
			sourceTree = "<group>";
		};
		7A5721382B2EA7CE00A01B5C /* Categories */ = {
			isa = PBXGroup;
			children = (
				7A5721322B2EA2C100A01B5C /* CategoryHome.swift */,
				7A5721342B2EA39100A01B5C /* CategoryRow.swift */,
				7A5721362B2EA44600A01B5C /* CategoryItem.swift */,
			);
			path = Categories;
			sourceTree = "<group>";
		};
		7A57213B2B2EA86E00A01B5C /* Profiles */ = {
			isa = PBXGroup;
			children = (
				7A57213C2B2EA88500A01B5C /* ProfileHost.swift */,
				7A57213E2B2EA8AF00A01B5C /* ProfileSummary.swift */,
				7A5721422B2EAC3C00A01B5C /* ProfileEditor.swift */,
			);
			path = Profiles;
			sourceTree = "<group>";
		};
/* End PBXGroup section */

/* Begin PBXNativeTarget section */
		5C282CDF2B31425D00D361EC /* LandmarksWatch Watch App */ = {
			isa = PBXNativeTarget;
			buildConfigurationList = 5C282CF12B31425F00D361EC /* Build configuration list for PBXNativeTarget "LandmarksWatch Watch App" */;
			buildPhases = (
				5C282CDC2B31425D00D361EC /* Sources */,
				5C282CDD2B31425D00D361EC /* Frameworks */,
				5C282CDE2B31425D00D361EC /* Resources */,
			);
			buildRules = (
			);
			dependencies = (
			);
			name = "LandmarksWatch Watch App";
			productName = "LandmarksWatch Watch App";
			productReference = 5C282CE02B31425D00D361EC /* LandmarksWatch Watch App.app */;
			productType = "com.apple.product-type.application";
		};
		5C9D46F32B2814AB005E084E /* Landmarks */ = {
			isa = PBXNativeTarget;
			buildConfigurationList = 5C9D47022B2814AC005E084E /* Build configuration list for PBXNativeTarget "Landmarks" */;
			buildPhases = (
				5C9D46F02B2814AB005E084E /* Sources */,
				5C9D46F12B2814AB005E084E /* Frameworks */,
				5C9D46F22B2814AB005E084E /* Resources */,
				5C282CEE2B31425F00D361EC /* Embed Watch Content */,
			);
			buildRules = (
			);
			dependencies = (
				5C282CEC2B31425F00D361EC /* PBXTargetDependency */,
			);
			name = Landmarks;
			productName = Landmarks;
			productReference = 5C9D46F42B2814AB005E084E /* Landmarks.app */;
			productType = "com.apple.product-type.application";
		};
/* End PBXNativeTarget section */

/* Begin PBXProject section */
		5C9D46EC2B2814AB005E084E /* Project object */ = {
			isa = PBXProject;
			attributes = {
				BuildIndependentTargetsInParallel = 1;
				LastSwiftUpdateCheck = 1510;
				LastUpgradeCheck = 1500;
				TargetAttributes = {
					5C282CDF2B31425D00D361EC = {
						CreatedOnToolsVersion = 15.1;
					};
					5C9D46F32B2814AB005E084E = {
						CreatedOnToolsVersion = 15.0.1;
					};
				};
			};
			buildConfigurationList = 5C9D46EF2B2814AB005E084E /* Build configuration list for PBXProject "Landmarks" */;
			compatibilityVersion = "Xcode 14.0";
			developmentRegion = en;
			hasScannedForEncodings = 0;
			knownRegions = (
				en,
				Base,
			);
			mainGroup = 5C9D46EB2B2814AB005E084E;
			productRefGroup = 5C9D46F52B2814AB005E084E /* Products */;
			projectDirPath = "";
			projectRoot = "";
			targets = (
				5C9D46F32B2814AB005E084E /* Landmarks */,
				5C282CDF2B31425D00D361EC /* LandmarksWatch Watch App */,
			);
		};
/* End PBXProject section */

/* Begin PBXResourcesBuildPhase section */
		5C282CDE2B31425D00D361EC /* Resources */ = {
			isa = PBXResourcesBuildPhase;
			buildActionMask = 2147483647;
			files = (
				5C282CEA2B31425F00D361EC /* Preview Assets.xcassets in Resources */,
				5C282CE72B31425F00D361EC /* Assets.xcassets in Resources */,
				5C282CF62B3142AD00D361EC /* Assets.xcassets in Resources */,
				5C282CF52B3142AD00D361EC /* landmarkData.json in Resources */,
				5C282CFA2B3142AD00D361EC /* hikeData.json in Resources */,
			);
			runOnlyForDeploymentPostprocessing = 0;
		};
		5C9D46F22B2814AB005E084E /* Resources */ = {
			isa = PBXResourcesBuildPhase;
			buildActionMask = 2147483647;
			files = (
				7A5721242B2E9DB300A01B5C /* hikeData.json in Resources */,
				5C9D46FF2B2814AC005E084E /* Preview Assets.xcassets in Resources */,
				5C9D46FC2B2814AC005E084E /* Assets.xcassets in Resources */,
				5C426E252B292F2100F99DB6 /* landmarkData.json in Resources */,
			);
			runOnlyForDeploymentPostprocessing = 0;
		};
/* End PBXResourcesBuildPhase section */

/* Begin PBXSourcesBuildPhase section */
		5C282CDC2B31425D00D361EC /* Sources */ = {
			isa = PBXSourcesBuildPhase;
			buildActionMask = 2147483647;
			files = (
				5C282CF72B3142AD00D361EC /* Hike.swift in Sources */,
				5C282CFB2B3142AD00D361EC /* MapView.swift in Sources */,
				5C282CF82B3142AD00D361EC /* LandmarkList.swift in Sources */,
				5C282D032B31435800D361EC /* NotificationView.swift in Sources */,
				5C282CE52B31425D00D361EC /* ContentView.swift in Sources */,
				5C282CFC2B3142AD00D361EC /* LandmarksApp.swift in Sources */,
				5C282CF92B3142AD00D361EC /* CircleImage.swift in Sources */,
				5C282D012B31433900D361EC /* NotificationController.swift in Sources */,
				5C282CF42B3142AD00D361EC /* Profile.swift in Sources */,
				5C282CF22B3142AD00D361EC /* Landmark.swift in Sources */,
				5C282CFD2B3142AD00D361EC /* LandmarkRow.swift in Sources */,
				5C282CF32B3142AD00D361EC /* ModelData.swift in Sources */,
				5C282CFF2B3142D500D361EC /* LandmarkDetail.swift in Sources */,
			);
			runOnlyForDeploymentPostprocessing = 0;
		};
		5C9D46F02B2814AB005E084E /* Sources */ = {
			isa = PBXSourcesBuildPhase;
			buildActionMask = 2147483647;
			files = (
				7A5721352B2EA39100A01B5C /* CategoryRow.swift in Sources */,
				7A5721412B2EA97E00A01B5C /* HikeBadge.swift in Sources */,
				7A57213A2B2EA80D00A01B5C /* Profile.swift in Sources */,
				5C9D46FA2B2814AB005E084E /* ContentView.swift in Sources */,
				5C69AC1A2B2FB91600FA6E10 /* FeatureCard.swift in Sources */,
				7A5721332B2EA2C100A01B5C /* CategoryHome.swift in Sources */,
				7A57212F2B2E9E8A00A01B5C /* HikeGraph.swift in Sources */,
				7A5721202B2E9BE200A01B5C /* Badge.swift in Sources */,
				5C9D47082B28F6C7005E084E /* MapView.swift in Sources */,
				7A57212E2B2E9E8A00A01B5C /* GraphCapsule.swift in Sources */,
				5C69AC1E2B2FBD5E00FA6E10 /* PageControl.swift in Sources */,
				5C9D46F82B2814AB005E084E /* LandmarksApp.swift in Sources */,
				5C263D8A2B29515F0063B665 /* FavoriteButton.swift in Sources */,
				7A5721372B2EA44600A01B5C /* CategoryItem.swift in Sources */,
				7A5721302B2E9E8A00A01B5C /* HikeDetail.swift in Sources */,
				7A57213F2B2EA8AF00A01B5C /* ProfileSummary.swift in Sources */,
				7A5721182B2E95B500A01B5C /* HexagonParameters.swift in Sources */,
				7A57213D2B2EA88500A01B5C /* ProfileHost.swift in Sources */,
				7A5721262B2E9DCD00A01B5C /* Hike.swift in Sources */,
				5C69AC1C2B2FBA5100FA6E10 /* PageView.swift in Sources */,
				7A57211E2B2E9BA200A01B5C /* RotatedBadgeSymbol.swift in Sources */,
				7A5721432B2EAC3C00A01B5C /* ProfileEditor.swift in Sources */,
				7A57211C2B2E9B4700A01B5C /* BadgeSymbol.swift in Sources */,
				5C426E282B292FF100F99DB6 /* LandmarkList.swift in Sources */,
				7A5721312B2E9E8A00A01B5C /* HikeView.swift in Sources */,
				5C69AC172B2FB7F700FA6E10 /* PageViewController.swift in Sources */,
				5C426E2A2B29307800F99DB6 /* LandmarkDetail.swift in Sources */,
				7A57211A2B2E963A00A01B5C /* BadgeBackground.swift in Sources */,
				5C9D47062B28F62D005E084E /* CircleImage.swift in Sources */,
				5C426E1B2B292C3200F99DB6 /* Landmark.swift in Sources */,
				5C426E232B292DBF00F99DB6 /* LandmarkRow.swift in Sources */,
				5C426E1D2B292CD100F99DB6 /* ModelData.swift in Sources */,
			);
			runOnlyForDeploymentPostprocessing = 0;
		};
/* End PBXSourcesBuildPhase section */

/* Begin PBXTargetDependency section */
		5C282CEC2B31425F00D361EC /* PBXTargetDependency */ = {
			isa = PBXTargetDependency;
			target = 5C282CDF2B31425D00D361EC /* LandmarksWatch Watch App */;
			targetProxy = 5C282CEB2B31425F00D361EC /* PBXContainerItemProxy */;
		};
/* End PBXTargetDependency section */

/* Begin XCBuildConfiguration section */
		5C282CEF2B31425F00D361EC /* Debug */ = {
			isa = XCBuildConfiguration;
			buildSettings = {
				ASSETCATALOG_COMPILER_APPICON_NAME = AppIcon;
				ASSETCATALOG_COMPILER_GLOBAL_ACCENT_COLOR_NAME = AccentColor;
				CODE_SIGN_STYLE = Automatic;
				CURRENT_PROJECT_VERSION = 1;
				DEVELOPMENT_ASSET_PATHS = "\"LandmarksWatch Watch App/Preview Content\"";
				ENABLE_PREVIEWS = YES;
				GENERATE_INFOPLIST_FILE = YES;
				INFOPLIST_KEY_CFBundleDisplayName = LandmarksWatch;
				INFOPLIST_KEY_UISupportedInterfaceOrientations = "UIInterfaceOrientationPortrait UIInterfaceOrientationPortraitUpsideDown";
				INFOPLIST_KEY_WKCompanionAppBundleIdentifier = com.example.landmarks.Landmarks;
				INFOPLIST_KEY_WKRunsIndependentlyOfCompanionApp = YES;
				LD_RUNPATH_SEARCH_PATHS = (
					"$(inherited)",
					"@executable_path/Frameworks",
				);
				MARKETING_VERSION = 1.0;
				PRODUCT_BUNDLE_IDENTIFIER = com.example.landmarks.Landmarks.watchkitapp;
				PRODUCT_NAME = "$(TARGET_NAME)";
				SDKROOT = watchos;
				SKIP_INSTALL = YES;
				SWIFT_EMIT_LOC_STRINGS = YES;
				SWIFT_VERSION = 5.0;
				TARGETED_DEVICE_FAMILY = 4;
				WATCHOS_DEPLOYMENT_TARGET = 10.2;
			};
			name = Debug;
		};
		5C282CF02B31425F00D361EC /* Release */ = {
			isa = XCBuildConfiguration;
			buildSettings = {
				ASSETCATALOG_COMPILER_APPICON_NAME = AppIcon;
				ASSETCATALOG_COMPILER_GLOBAL_ACCENT_COLOR_NAME = AccentColor;
				CODE_SIGN_STYLE = Automatic;
				CURRENT_PROJECT_VERSION = 1;
				DEVELOPMENT_ASSET_PATHS = "\"LandmarksWatch Watch App/Preview Content\"";
				ENABLE_PREVIEWS = YES;
				GENERATE_INFOPLIST_FILE = YES;
				INFOPLIST_KEY_CFBundleDisplayName = LandmarksWatch;
				INFOPLIST_KEY_UISupportedInterfaceOrientations = "UIInterfaceOrientationPortrait UIInterfaceOrientationPortraitUpsideDown";
				INFOPLIST_KEY_WKCompanionAppBundleIdentifier = com.example.landmarks.Landmarks;
				INFOPLIST_KEY_WKRunsIndependentlyOfCompanionApp = YES;
				LD_RUNPATH_SEARCH_PATHS = (
					"$(inherited)",
					"@executable_path/Frameworks",
				);
				MARKETING_VERSION = 1.0;
				PRODUCT_BUNDLE_IDENTIFIER = com.example.landmarks.Landmarks.watchkitapp;
				PRODUCT_NAME = "$(TARGET_NAME)";
				SDKROOT = watchos;
				SKIP_INSTALL = YES;
				SWIFT_EMIT_LOC_STRINGS = YES;
				SWIFT_VERSION = 5.0;
				TARGETED_DEVICE_FAMILY = 4;
				WATCHOS_DEPLOYMENT_TARGET = 10.2;
			};
			name = Release;
		};
		5C9D47002B2814AC005E084E /* Debug */ = {
			isa = XCBuildConfiguration;
			buildSettings = {
				ALWAYS_SEARCH_USER_PATHS = NO;
				ASSETCATALOG_COMPILER_GENERATE_SWIFT_ASSET_SYMBOL_EXTENSIONS = YES;
				CLANG_ANALYZER_NONNULL = YES;
				CLANG_ANALYZER_NUMBER_OBJECT_CONVERSION = YES_AGGRESSIVE;
				CLANG_CXX_LANGUAGE_STANDARD = "gnu++20";
				CLANG_ENABLE_MODULES = YES;
				CLANG_ENABLE_OBJC_ARC = YES;
				CLANG_ENABLE_OBJC_WEAK = YES;
				CLANG_WARN_BLOCK_CAPTURE_AUTORELEASING = YES;
				CLANG_WARN_BOOL_CONVERSION = YES;
				CLANG_WARN_COMMA = YES;
				CLANG_WARN_CONSTANT_CONVERSION = YES;
				CLANG_WARN_DEPRECATED_OBJC_IMPLEMENTATIONS = YES;
				CLANG_WARN_DIRECT_OBJC_ISA_USAGE = YES_ERROR;
				CLANG_WARN_DOCUMENTATION_COMMENTS = YES;
				CLANG_WARN_EMPTY_BODY = YES;
				CLANG_WARN_ENUM_CONVERSION = YES;
				CLANG_WARN_INFINITE_RECURSION = YES;
				CLANG_WARN_INT_CONVERSION = YES;
				CLANG_WARN_NON_LITERAL_NULL_CONVERSION = YES;
				CLANG_WARN_OBJC_IMPLICIT_RETAIN_SELF = YES;
				CLANG_WARN_OBJC_LITERAL_CONVERSION = YES;
				CLANG_WARN_OBJC_ROOT_CLASS = YES_ERROR;
				CLANG_WARN_QUOTED_INCLUDE_IN_FRAMEWORK_HEADER = YES;
				CLANG_WARN_RANGE_LOOP_ANALYSIS = YES;
				CLANG_WARN_STRICT_PROTOTYPES = YES;
				CLANG_WARN_SUSPICIOUS_MOVE = YES;
				CLANG_WARN_UNGUARDED_AVAILABILITY = YES_AGGRESSIVE;
				CLANG_WARN_UNREACHABLE_CODE = YES;
				CLANG_WARN__DUPLICATE_METHOD_MATCH = YES;
				COPY_PHASE_STRIP = NO;
				DEBUG_INFORMATION_FORMAT = dwarf;
				ENABLE_STRICT_OBJC_MSGSEND = YES;
				ENABLE_TESTABILITY = YES;
				ENABLE_USER_SCRIPT_SANDBOXING = YES;
				GCC_C_LANGUAGE_STANDARD = gnu17;
				GCC_DYNAMIC_NO_PIC = NO;
				GCC_NO_COMMON_BLOCKS = YES;
				GCC_OPTIMIZATION_LEVEL = 0;
				GCC_PREPROCESSOR_DEFINITIONS = (
					"DEBUG=1",
					"$(inherited)",
				);
				GCC_WARN_64_TO_32_BIT_CONVERSION = YES;
				GCC_WARN_ABOUT_RETURN_TYPE = YES_ERROR;
				GCC_WARN_UNDECLARED_SELECTOR = YES;
				GCC_WARN_UNINITIALIZED_AUTOS = YES_AGGRESSIVE;
				GCC_WARN_UNUSED_FUNCTION = YES;
				GCC_WARN_UNUSED_VARIABLE = YES;
				IPHONEOS_DEPLOYMENT_TARGET = 17.0;
				LOCALIZATION_PREFERS_STRING_CATALOGS = YES;
				MTL_ENABLE_DEBUG_INFO = INCLUDE_SOURCE;
				MTL_FAST_MATH = YES;
				ONLY_ACTIVE_ARCH = YES;
				SDKROOT = iphoneos;
				SWIFT_ACTIVE_COMPILATION_CONDITIONS = "DEBUG $(inherited)";
				SWIFT_OPTIMIZATION_LEVEL = "-Onone";
			};
			name = Debug;
		};
		5C9D47012B2814AC005E084E /* Release */ = {
			isa = XCBuildConfiguration;
			buildSettings = {
				ALWAYS_SEARCH_USER_PATHS = NO;
				ASSETCATALOG_COMPILER_GENERATE_SWIFT_ASSET_SYMBOL_EXTENSIONS = YES;
				CLANG_ANALYZER_NONNULL = YES;
				CLANG_ANALYZER_NUMBER_OBJECT_CONVERSION = YES_AGGRESSIVE;
				CLANG_CXX_LANGUAGE_STANDARD = "gnu++20";
				CLANG_ENABLE_MODULES = YES;
				CLANG_ENABLE_OBJC_ARC = YES;
				CLANG_ENABLE_OBJC_WEAK = YES;
				CLANG_WARN_BLOCK_CAPTURE_AUTORELEASING = YES;
				CLANG_WARN_BOOL_CONVERSION = YES;
				CLANG_WARN_COMMA = YES;
				CLANG_WARN_CONSTANT_CONVERSION = YES;
				CLANG_WARN_DEPRECATED_OBJC_IMPLEMENTATIONS = YES;
				CLANG_WARN_DIRECT_OBJC_ISA_USAGE = YES_ERROR;
				CLANG_WARN_DOCUMENTATION_COMMENTS = YES;
				CLANG_WARN_EMPTY_BODY = YES;
				CLANG_WARN_ENUM_CONVERSION = YES;
				CLANG_WARN_INFINITE_RECURSION = YES;
				CLANG_WARN_INT_CONVERSION = YES;
				CLANG_WARN_NON_LITERAL_NULL_CONVERSION = YES;
				CLANG_WARN_OBJC_IMPLICIT_RETAIN_SELF = YES;
				CLANG_WARN_OBJC_LITERAL_CONVERSION = YES;
				CLANG_WARN_OBJC_ROOT_CLASS = YES_ERROR;
				CLANG_WARN_QUOTED_INCLUDE_IN_FRAMEWORK_HEADER = YES;
				CLANG_WARN_RANGE_LOOP_ANALYSIS = YES;
				CLANG_WARN_STRICT_PROTOTYPES = YES;
				CLANG_WARN_SUSPICIOUS_MOVE = YES;
				CLANG_WARN_UNGUARDED_AVAILABILITY = YES_AGGRESSIVE;
				CLANG_WARN_UNREACHABLE_CODE = YES;
				CLANG_WARN__DUPLICATE_METHOD_MATCH = YES;
				COPY_PHASE_STRIP = NO;
				DEBUG_INFORMATION_FORMAT = "dwarf-with-dsym";
				ENABLE_NS_ASSERTIONS = NO;
				ENABLE_STRICT_OBJC_MSGSEND = YES;
				ENABLE_USER_SCRIPT_SANDBOXING = YES;
				GCC_C_LANGUAGE_STANDARD = gnu17;
				GCC_NO_COMMON_BLOCKS = YES;
				GCC_WARN_64_TO_32_BIT_CONVERSION = YES;
				GCC_WARN_ABOUT_RETURN_TYPE = YES_ERROR;
				GCC_WARN_UNDECLARED_SELECTOR = YES;
				GCC_WARN_UNINITIALIZED_AUTOS = YES_AGGRESSIVE;
				GCC_WARN_UNUSED_FUNCTION = YES;
				GCC_WARN_UNUSED_VARIABLE = YES;
				IPHONEOS_DEPLOYMENT_TARGET = 17.0;
				LOCALIZATION_PREFERS_STRING_CATALOGS = YES;
				MTL_ENABLE_DEBUG_INFO = NO;
				MTL_FAST_MATH = YES;
				SDKROOT = iphoneos;
				SWIFT_COMPILATION_MODE = wholemodule;
				VALIDATE_PRODUCT = YES;
			};
			name = Release;
		};
		5C9D47032B2814AC005E084E /* Debug */ = {
			isa = XCBuildConfiguration;
			buildSettings = {
				ALWAYS_EMBED_SWIFT_STANDARD_LIBRARIES = YES;
				ASSETCATALOG_COMPILER_APPICON_NAME = AppIcon;
				ASSETCATALOG_COMPILER_GLOBAL_ACCENT_COLOR_NAME = AccentColor;
				CODE_SIGN_STYLE = Automatic;
				CURRENT_PROJECT_VERSION = 1;
				DEVELOPMENT_ASSET_PATHS = "\"Landmarks/Preview Content\"";
				ENABLE_PREVIEWS = YES;
				GENERATE_INFOPLIST_FILE = YES;
				INFOPLIST_KEY_UIApplicationSceneManifest_Generation = YES;
				INFOPLIST_KEY_UIApplicationSupportsIndirectInputEvents = YES;
				INFOPLIST_KEY_UILaunchScreen_Generation = YES;
				INFOPLIST_KEY_UISupportedInterfaceOrientations_iPad = "UIInterfaceOrientationPortrait UIInterfaceOrientationPortraitUpsideDown UIInterfaceOrientationLandscapeLeft UIInterfaceOrientationLandscapeRight";
				INFOPLIST_KEY_UISupportedInterfaceOrientations_iPhone = "UIInterfaceOrientationPortrait UIInterfaceOrientationLandscapeLeft UIInterfaceOrientationLandscapeRight";
				LD_RUNPATH_SEARCH_PATHS = (
					"$(inherited)",
					"@executable_path/Frameworks",
				);
				MARKETING_VERSION = 1.0;
				PRODUCT_BUNDLE_IDENTIFIER = com.example.landmarks.Landmarks;
				PRODUCT_NAME = "$(TARGET_NAME)";
				SWIFT_EMIT_LOC_STRINGS = YES;
				SWIFT_VERSION = 5.0;
				TARGETED_DEVICE_FAMILY = "1,2";
			};
			name = Debug;
		};
		5C9D47042B2814AC005E084E /* Release */ = {
			isa = XCBuildConfiguration;
			buildSettings = {
				ALWAYS_EMBED_SWIFT_STANDARD_LIBRARIES = YES;
				ASSETCATALOG_COMPILER_APPICON_NAME = AppIcon;
				ASSETCATALOG_COMPILER_GLOBAL_ACCENT_COLOR_NAME = AccentColor;
				CODE_SIGN_STYLE = Automatic;
				CURRENT_PROJECT_VERSION = 1;
				DEVELOPMENT_ASSET_PATHS = "\"Landmarks/Preview Content\"";
				ENABLE_PREVIEWS = YES;
				GENERATE_INFOPLIST_FILE = YES;
				INFOPLIST_KEY_UIApplicationSceneManifest_Generation = YES;
				INFOPLIST_KEY_UIApplicationSupportsIndirectInputEvents = YES;
				INFOPLIST_KEY_UILaunchScreen_Generation = YES;
				INFOPLIST_KEY_UISupportedInterfaceOrientations_iPad = "UIInterfaceOrientationPortrait UIInterfaceOrientationPortraitUpsideDown UIInterfaceOrientationLandscapeLeft UIInterfaceOrientationLandscapeRight";
				INFOPLIST_KEY_UISupportedInterfaceOrientations_iPhone = "UIInterfaceOrientationPortrait UIInterfaceOrientationLandscapeLeft UIInterfaceOrientationLandscapeRight";
				LD_RUNPATH_SEARCH_PATHS = (
					"$(inherited)",
					"@executable_path/Frameworks",
				);
				MARKETING_VERSION = 1.0;
				PRODUCT_BUNDLE_IDENTIFIER = com.example.landmarks.Landmarks;
				PRODUCT_NAME = "$(TARGET_NAME)";
				SWIFT_EMIT_LOC_STRINGS = YES;
				SWIFT_VERSION = 5.0;
				TARGETED_DEVICE_FAMILY = "1,2";
			};
			name = Release;
		};
/* End XCBuildConfiguration section */

/* Begin XCConfigurationList section */
		5C282CF12B31425F00D361EC /* Build configuration list for PBXNativeTarget "LandmarksWatch Watch App" */ = {
			isa = XCConfigurationList;
			buildConfigurations = (
				5C282CEF2B31425F00D361EC /* Debug */,
				5C282CF02B31425F00D361EC /* Release */,
			);
			defaultConfigurationIsVisible = 0;
			defaultConfigurationName = Release;
		};
		5C9D46EF2B2814AB005E084E /* Build configuration list for PBXProject "Landmarks" */ = {
			isa = XCConfigurationList;
			buildConfigurations = (
				5C9D47002B2814AC005E084E /* Debug */,
				5C9D47012B2814AC005E084E /* Release */,
			);
			defaultConfigurationIsVisible = 0;
			defaultConfigurationName = Release;
		};
		5C9D47022B2814AC005E084E /* Build configuration list for PBXNativeTarget "Landmarks" */ = {
			isa = XCConfigurationList;
			buildConfigurations = (
				5C9D47032B2814AC005E084E /* Debug */,
				5C9D47042B2814AC005E084E /* Release */,
			);
			defaultConfigurationIsVisible = 0;
			defaultConfigurationName = Release;
		};
/* End XCConfigurationList section */
	};
	rootObject = 5C9D46EC2B2814AB005E084E /* Project object */;
}
